
Microsoft Visual Studio Solution File, Format Version 12.00
# Visual Studio Version 17
VisualStudioVersion = 17.4.33213.308
MinimumVisualStudioVersion = 10.0.40219.1
Project("{FAE04EC0-301F-11D3-BF4B-00C04F79EFBC}") = "User_RegistrationByLambda", "User_RegistrationByLambda\User_RegistrationByLambda.csproj", "{E295D9DB-60AB-43AB-845A-8F0A8C90BE98}"
EndProject
Global
	GlobalSection(SolutionConfigurationPlatforms) = preSolution
		Debug|Any CPU = Debug|Any CPU
		Release|Any CPU = Release|Any CPU
	EndGlobalSection
	GlobalSection(ProjectConfigurationPlatforms) = postSolution
		{E295D9DB-60AB-43AB-845A-8F0A8C90BE98}.Debug|Any CPU.ActiveCfg = Debug|Any CPU
		{E295D9DB-60AB-43AB-845A-8F0A8C90BE98}.Debug|Any CPU.Build.0 = Debug|Any CPU
		{E295D9DB-60AB-43AB-845A-8F0A8C90BE98}.Release|Any CPU.ActiveCfg = Release|Any CPU
		{E295D9DB-60AB-43AB-845A-8F0A8C90BE98}.Release|Any CPU.Build.0 = Release|Any CPU
	EndGlobalSection
	GlobalSection(SolutionProperties) = preSolution
		HideSolutionNode = FALSE
	EndGlobalSection
	GlobalSection(ExtensibilityGlobals) = postSolution
		SolutionGuid = {E8D36B7F-0FD2-4A3E-BA81-9492DA2685F2}
	EndGlobalSection
EndGlobal
